{
  "version": "2",
  "remote": {
    "https://deno.land/std@0.104.0/_util/assert.ts": "2f868145a042a11d5ad0a3c748dcf580add8a0dbc0e876eaa0026303a5488f58",
    "https://deno.land/std@0.104.0/async/deadline.ts": "1d6ac7aeaee22f75eb86e4e105d6161118aad7b41ae2dd14f4cfd3bf97472b93",
    "https://deno.land/std@0.104.0/async/debounce.ts": "b2f693e4baa16b62793fd618de6c003b63228db50ecfe3bd51fc5f6dc0bc264b",
    "https://deno.land/std@0.104.0/async/deferred.ts": "ce81070ad3ba3294f3f34c032af884ccde1a20922b648f6eaee54bd8fd951a1e",
    "https://deno.land/std@0.104.0/async/delay.ts": "9de1d8d07d1927767ab7f82434b883f3d8294fb19cad819691a2ad81a728cf3d",
    "https://deno.land/std@0.104.0/async/mod.ts": "78425176fabea7bd1046ce3819fd69ce40da85c83e0f174d17e8e224a91f7d10",
    "https://deno.land/std@0.104.0/async/mux_async_iterator.ts": "62abff3af9ff619e8f2adc96fc70d4ca020fa48a50c23c13f12d02ed2b760dbe",
    "https://deno.land/std@0.104.0/async/pool.ts": "353ce4f91865da203a097aa6f33de8966340c91b6f4a055611c8c5d534afd12f",
    "https://deno.land/std@0.104.0/async/tee.ts": "6b8f1322b6dd2396202cfbe9cde9cab158d1e962cfd9197b0a97c6657bee79ce",
    "https://deno.land/std@0.104.0/bytes/bytes_list.ts": "a13287edb03f19d27ba4927dec6d6de3e5bd46254cd4aee6f7e5815810122673",
    "https://deno.land/std@0.104.0/bytes/mod.ts": "1ae1ccfe98c4b979f12b015982c7444f81fcb921bea7aa215bf37d84f46e1e13",
    "https://deno.land/std@0.104.0/encoding/base64.ts": "eecae390f1f1d1cae6f6c6d732ede5276bf4b9cd29b1d281678c054dc5cc009e",
    "https://deno.land/std@0.104.0/encoding/hex.ts": "5bc7df19af498c315cdaba69e2fce1b2aef5fc57344e8c21c08991aa8505a260",
    "https://deno.land/std@0.104.0/fmt/colors.ts": "d2f8355f00a74404668fc5a1e4a92983ce1a9b0a6ac1d40efbd681cb8f519586",
    "https://deno.land/std@0.104.0/fs/exists.ts": "b0d2e31654819cc2a8d37df45d6b14686c0cc1d802e9ff09e902a63e98b85a00",
    "https://deno.land/std@0.104.0/hash/_wasm/hash.ts": "313a4820227f1c45fa7204d9c28731b4f8ce97cdcc5f1e7e4efcdf2d70540d32",
    "https://deno.land/std@0.104.0/hash/_wasm/wasm.js": "792f612fbb9998e267f9ae3f82ed72444305cb9c77b5bbf7ff6517fd3b606ed1",
    "https://deno.land/std@0.104.0/hash/hasher.ts": "57a9ec05dd48a9eceed319ac53463d9873490feea3832d58679df6eec51c176b",
    "https://deno.land/std@0.104.0/hash/mod.ts": "dd339a26b094032f38d71311b85745e8d19f2085364794c1877057e057902dd9",
    "https://deno.land/std@0.104.0/io/buffer.ts": "3ead6bb11276ebcf093c403f74f67fd2205a515dbbb9061862c468ca56f37cd8",
    "https://deno.land/std@0.104.0/io/bufio.ts": "6024117aa37f8d21a116654bd5ca5191d803f6492bbc744e3cee5054d0e900d1",
    "https://deno.land/std@0.104.0/io/types.d.ts": "89a27569399d380246ca7cdd9e14d5e68459f11fb6110790cc5ecbd4ee7f3215",
    "https://deno.land/std@0.104.0/io/util.ts": "85c33d61b20fd706acc094fe80d4c8ae618b04abcf3a96ca2b47071842c1c8ac",
    "https://deno.land/std@0.104.0/log/handlers.ts": "8c7221a2408b4097e186b018f3f1a18865d20b98761aa1dccaf1ee3d57298355",
    "https://deno.land/std@0.104.0/log/levels.ts": "088a883039ece5fa0da5f74bc7688654045ea7cb01bf200b438191a28d728eae",
    "https://deno.land/std@0.104.0/log/logger.ts": "6b2dd8cbe6f407100b9becfe61595d7681f8ce3692412fad843de84d617a038e",
    "https://deno.land/std@0.104.0/log/mod.ts": "91711789b28803082b1bdfb123d2c9685a7e01767f2e79c0a82706063ad964d8",
    "https://deno.land/std@0.104.0/testing/_diff.ts": "5d3693155f561d1a5443ac751ac70aab9f5d67b4819a621d4b96b8a1a1c89620",
    "https://deno.land/std@0.104.0/testing/asserts.ts": "e4311d45d956459d4423bc267208fe154b5294989da2ed93257b6a85cae0427e",
    "https://deno.land/std@0.152.0/_util/assert.ts": "e94f2eb37cebd7f199952e242c77654e43333c1ac4c5c700e929ea3aa5489f74",
    "https://deno.land/std@0.152.0/_util/os.ts": "3b4c6e27febd119d36a416d7a97bd3b0251b77c88942c8f16ee5953ea13e2e49",
    "https://deno.land/std@0.152.0/async/deferred.ts": "bc18e28108252c9f67dfca2bbc4587c3cbf3aeb6e155f8c864ca8ecff992b98a",
    "https://deno.land/std@0.152.0/bytes/bytes_list.ts": "aba5e2369e77d426b10af1de0dcc4531acecec27f9b9056f4f7bfbf8ac147ab4",
    "https://deno.land/std@0.152.0/bytes/equals.ts": "3c3558c3ae85526f84510aa2b48ab2ad7bdd899e2e0f5b7a8ffc85acb3a6043a",
    "https://deno.land/std@0.152.0/bytes/mod.ts": "763f97d33051cc3f28af1a688dfe2830841192a9fea0cbaa55f927b49d49d0bf",
    "https://deno.land/std@0.152.0/crypto/timing_safe_equal.ts": "82a29b737bc8932d75d7a20c404136089d5d23629e94ba14efa98a8cc066c73e",
    "https://deno.land/std@0.152.0/encoding/base64.ts": "c57868ca7fa2fbe919f57f88a623ad34e3d970d675bdc1ff3a9d02bba7409db2",
    "https://deno.land/std@0.152.0/fmt/colors.ts": "6f9340b7fb8cc25a993a99e5efc56fe81bb5af284ff412129dd06df06f53c0b4",
    "https://deno.land/std@0.152.0/http/_negotiation/common.ts": "410e902f01cdd324e4746e8017595be4fc357d6fc4cd6044f2f808a943d7eaf7",
    "https://deno.land/std@0.152.0/http/_negotiation/encoding.ts": "f749c1d539d139af783e8a7741de5a47a98a5e3c9af82b8af512567ccf5fe632",
    "https://deno.land/std@0.152.0/http/_negotiation/language.ts": "53c306186904d2dace4c624a8822542866ad332a7f40ac90e0af1504f95c63d0",
    "https://deno.land/std@0.152.0/http/_negotiation/media_type.ts": "ecdda87286495f7ff25116858f5088856953e2f1585e593d314e0c71b826a137",
    "https://deno.land/std@0.152.0/http/http_errors.ts": "fe9b7f95f7ee0592c3306f8c7aed03ba53d55d1ef81e00041c1171b9588f46d9",
    "https://deno.land/std@0.152.0/http/http_status.ts": "897575a7d6bc2b9123f6a38ecbc0f03d95a532c5d92029315dc9f508e12526b8",
    "https://deno.land/std@0.152.0/http/negotiation.ts": "f35b1ff2ad4ff9feaa00ac234960b398172768205c8eceaef7f2eafe34716ba2",
    "https://deno.land/std@0.152.0/io/buffer.ts": "bd0c4bf53db4b4be916ca5963e454bddfd3fcd45039041ea161dbf826817822b",
    "https://deno.land/std@0.152.0/io/readers.ts": "45847ad404afd2f605eae1cff193f223462bc55eeb9ae313c2f3db28aada0fd6",
    "https://deno.land/std@0.152.0/io/types.d.ts": "0cae3a62da7a37043661746c65c021058bae020b54e50c0e774916e5d4baee43",
    "https://deno.land/std@0.152.0/media_types/_util.ts": "ce9b4fc4ba1c447dafab619055e20fd88236ca6bdd7834a21f98bd193c3fbfa1",
    "https://deno.land/std@0.152.0/media_types/mod.ts": "3829264ca0610cac40f3214f939d7733483523f82bc1041c51045d7c75fb93b8",
    "https://deno.land/std@0.152.0/media_types/vendor/mime-db.v1.52.0.ts": "724cee25fa40f1a52d3937d6b4fbbfdd7791ff55e1b7ac08d9319d5632c7f5af",
    "https://deno.land/std@0.152.0/path/_constants.ts": "df1db3ffa6dd6d1252cc9617e5d72165cd2483df90e93833e13580687b6083c3",
    "https://deno.land/std@0.152.0/path/_interface.ts": "ee3b431a336b80cf445441109d089b70d87d5e248f4f90ff906820889ecf8d09",
    "https://deno.land/std@0.152.0/path/_util.ts": "c1e9686d0164e29f7d880b2158971d805b6e0efc3110d0b3e24e4b8af2190d2b",
    "https://deno.land/std@0.152.0/path/common.ts": "bee563630abd2d97f99d83c96c2fa0cca7cee103e8cb4e7699ec4d5db7bd2633",
    "https://deno.land/std@0.152.0/path/glob.ts": "cb5255638de1048973c3e69e420c77dc04f75755524cb3b2e160fe9277d939ee",
    "https://deno.land/std@0.152.0/path/mod.ts": "56fec03ad0ebd61b6ab39ddb9b0ddb4c4a5c9f2f4f632e09dd37ec9ebfd722ac",
    "https://deno.land/std@0.152.0/path/posix.ts": "c1f7afe274290ea0b51da07ee205653b2964bd74909a82deb07b69a6cc383aaa",
    "https://deno.land/std@0.152.0/path/separator.ts": "fe1816cb765a8068afb3e8f13ad272351c85cbc739af56dacfc7d93d710fe0f9",
    "https://deno.land/std@0.152.0/path/win32.ts": "bd7549042e37879c68ff2f8576a25950abbfca1d696d41d82c7bca0b7e6f452c",
    "https://deno.land/std@0.152.0/streams/conversion.ts": "fc3db02026183da795fa32ac7549868e9f19c75ba029d4b4c3739af62b48517a",
    "https://deno.land/std@0.152.0/testing/_diff.ts": "029a00560b0d534bc0046f1bce4bd36b3b41ada3f2a3178c85686eb2ff5f1413",
    "https://deno.land/std@0.152.0/testing/_format.ts": "0d8dc79eab15b67cdc532826213bbe05bccfd276ca473a50a3fc7bbfb7260642",
    "https://deno.land/std@0.152.0/testing/asserts.ts": "093735c88f52bbead7f60a1f7a97a2ce4df3c2d5fab00a46956f20b4a5793ccd",
    "https://deno.land/std@0.168.0/_util/asserts.ts": "d0844e9b62510f89ce1f9878b046f6a57bf88f208a10304aab50efcb48365272",
    "https://deno.land/std@0.168.0/async/deferred.ts": "77d3f84255c3627f1cc88699d8472b664d7635990d5358c4351623e098e917d6",
    "https://deno.land/std@0.168.0/async/delay.ts": "5a9bfba8de38840308a7a33786a0155a7f6c1f7a859558ddcec5fe06e16daf57",
    "https://deno.land/std@0.168.0/bytes/copy.ts": "d14a58f188a997ee0d2ba696d0c82a42f4fb4b6705e90a4238b77d7644dae24c",
    "https://deno.land/std@0.168.0/io/buf_reader.ts": "6c0eb067040a9931be2d24de50f56e67b10e3ff69d5344575df06caddf551417",
    "https://deno.land/std@0.168.0/io/buf_writer.ts": "b1ee5325cec3386596c67b1c7510bfc7e42b2f505060fe2e9d6536cdefdbb30c",
    "https://deno.land/std@0.168.0/io/types.d.ts": "790d3a3fa6b7f298d4cfbcf8bfd9d4be595c1b1acaa3eebb3009177df98bf93c",
    "https://deno.land/std@0.173.0/collections/filter_values.ts": "5b9feaf17b9a6e5ffccdd36cf6f38fa4ffa94cff2602d381c2ad0c2a97929652",
    "https://deno.land/std@0.173.0/collections/without_all.ts": "a89f5da0b5830defed4f59666e188df411d8fece35a5f6ca69be6ca71a95c185",
    "https://deno.land/std@0.173.0/dotenv/load.ts": "0636983549b98f29ab75c9a22a42d9723f0a389ece5498fe971e7bb2556a12e2",
    "https://deno.land/std@0.173.0/dotenv/mod.ts": "6e1dbc4737e3f62a5c1f3d2a26a0e5626fb168a198375bef574fedbe86a79f20",
    "https://deno.land/std@0.173.0/fmt/colors.ts": "938c5d44d889fb82eff6c358bea8baa7e85950a16c9f6dae3ec3a7a729164471",
    "https://deno.land/std@0.77.0/fmt/colors.ts": "c5665c66f1a67228f21c5989bbb04b36d369b98dd7ceac06f5e26856c81c2531",
    "https://deno.land/std@0.99.0/_util/assert.ts": "2f868145a042a11d5ad0a3c748dcf580add8a0dbc0e876eaa0026303a5488f58",
    "https://deno.land/std@0.99.0/_util/os.ts": "e282950a0eaa96760c0cf11e7463e66babd15ec9157d4c9ed49cc0925686f6a7",
    "https://deno.land/std@0.99.0/path/_constants.ts": "1247fee4a79b70c89f23499691ef169b41b6ccf01887a0abd131009c5581b853",
    "https://deno.land/std@0.99.0/path/_interface.ts": "1fa73b02aaa24867e481a48492b44f2598cd9dfa513c7b34001437007d3642e4",
    "https://deno.land/std@0.99.0/path/_util.ts": "2e06a3b9e79beaf62687196bd4b60a4c391d862cfa007a20fc3a39f778ba073b",
    "https://deno.land/std@0.99.0/path/common.ts": "eaf03d08b569e8a87e674e4e265e099f237472b6fd135b3cbeae5827035ea14a",
    "https://deno.land/std@0.99.0/path/glob.ts": "314ad9ff263b895795208cdd4d5e35a44618ca3c6dd155e226fb15d065008652",
    "https://deno.land/std@0.99.0/path/mod.ts": "4465dc494f271b02569edbb4a18d727063b5dbd6ed84283ff906260970a15d12",
    "https://deno.land/std@0.99.0/path/posix.ts": "f56c3c99feb47f30a40ce9d252ef6f00296fa7c0fcb6dd81211bdb3b8b99ca3b",
    "https://deno.land/std@0.99.0/path/separator.ts": "8fdcf289b1b76fd726a508f57d3370ca029ae6976fcde5044007f062e643ff1c",
    "https://deno.land/std@0.99.0/path/win32.ts": "77f7b3604e0de40f3a7c698e8a79e7f601dc187035a1c21cb1e596666ce112f8",
    "https://deno.land/x/accepts@2.1.1/deps.ts": "ede05e17882d2e064ecfdfc407c95692cee7b49afe59e31d5f385ff74d262756",
    "https://deno.land/x/accepts@2.1.1/mod.ts": "ae058b80ba4e560ca9bd1eb4a488f5d6aeed9437fa192bc4903764fa653032cf",
    "https://deno.land/x/bytes_formater@v1.4.0/deps.ts": "4f98f74e21145423b873a5ca6ead66dc3e674fa81e230a0a395f9b86aafeceea",
    "https://deno.land/x/bytes_formater@v1.4.0/format.ts": "657c41b9f180c3ed0f934dcf75f77b09b6a610be98bb07525bffe2acfd5af4d5",
    "https://deno.land/x/bytes_formater@v1.4.0/mod.ts": "c6bf35303f53d74e9134eb13f666fb388fb4c62c6b12b17542bbadade250a864",
    "https://deno.land/x/deno_dom@v0.1.36-alpha/build/deno-wasm/deno-wasm.js": "3fa41dba4813e6d4b024a53a146b76e1afcbdf218fc02063442378c61239ed14",
    "https://deno.land/x/deno_dom@v0.1.36-alpha/deno-dom-wasm.ts": "bfd999a493a6974e9fca4d331bee03bfb68cfc600c662cd0b48b21d67a2a8ba0",
    "https://deno.land/x/deno_dom@v0.1.36-alpha/src/api.ts": "0ff5790f0a3eeecb4e00b7d8fbfa319b165962cf6d0182a65ba90f158d74f7d7",
    "https://deno.land/x/deno_dom@v0.1.36-alpha/src/constructor-lock.ts": "59714df7e0571ec7bd338903b1f396202771a6d4d7f55a452936bd0de9deb186",
    "https://deno.land/x/deno_dom@v0.1.36-alpha/src/deserialize.ts": "f4d34514ca00473ca428b69ad437ba345925744b5d791cb9552e2d7a0e7b0439",
    "https://deno.land/x/deno_dom@v0.1.36-alpha/src/dom/document-fragment.ts": "a40c6e18dd0efcf749a31552c1c9a6f7fa614452245e86ee38fc92ba0235e5ae",
    "https://deno.land/x/deno_dom@v0.1.36-alpha/src/dom/document.ts": "b8f4e4ccabaaa063d6562a0f2f8dea9c0419515d63d8bd79bfde95f7cd64bd93",
    "https://deno.land/x/deno_dom@v0.1.36-alpha/src/dom/dom-parser.ts": "609097b426f8c2358f3e5d2bca55ed026cf26cdf86562e94130dfdb0f2537f92",
    "https://deno.land/x/deno_dom@v0.1.36-alpha/src/dom/element.ts": "4a267c24d0e20b70741a14ab371a7511a4f3db682d3a1d229adaa66a46445fff",
    "https://deno.land/x/deno_dom@v0.1.36-alpha/src/dom/elements/html-template-element.ts": "19ad97c55222115e8daaca2788b9c98cc31a7f9d2547ed5bca0c56a4a12bfec8",
    "https://deno.land/x/deno_dom@v0.1.36-alpha/src/dom/html-collection.ts": "ae90197f5270c32074926ad6cf30ee07d274d44596c7e413c354880cebce8565",
    "https://deno.land/x/deno_dom@v0.1.36-alpha/src/dom/node-list.ts": "4c6e4b4585301d4147addaccd90cb5f5a80e8d6290a1ba7058c5e3dfea16e15d",
    "https://deno.land/x/deno_dom@v0.1.36-alpha/src/dom/node.ts": "3069e6fc93ac4111a136ed68199d76673339842b9751610ba06f111ba7dc10a7",
    "https://deno.land/x/deno_dom@v0.1.36-alpha/src/dom/selectors/custom-api.ts": "852696bd58e534bc41bd3be9e2250b60b67cd95fd28ed16b1deff1d548531a71",
    "https://deno.land/x/deno_dom@v0.1.36-alpha/src/dom/selectors/nwsapi-types.ts": "c43b36c36acc5d32caabaa54fda8c9d239b2b0fcbce9a28efb93c84aa1021698",
    "https://deno.land/x/deno_dom@v0.1.36-alpha/src/dom/selectors/nwsapi.js": "985d7d8fc1eabbb88946b47a1c44c1b2d4aa79ff23c21424219f1528fa27a2ff",
    "https://deno.land/x/deno_dom@v0.1.36-alpha/src/dom/selectors/selectors.ts": "83eab57be2290fb48e3130533448c93c6c61239f2a2f3b85f1917f80ca0fdc75",
    "https://deno.land/x/deno_dom@v0.1.36-alpha/src/dom/selectors/sizzle-types.ts": "78149e2502409989ce861ed636b813b059e16bc267bb543e7c2b26ef43e4798b",
    "https://deno.land/x/deno_dom@v0.1.36-alpha/src/dom/selectors/sizzle.js": "c3aed60c1045a106d8e546ac2f85cc82e65f62d9af2f8f515210b9212286682a",
    "https://deno.land/x/deno_dom@v0.1.36-alpha/src/dom/utils-types.ts": "96db30e3e4a75b194201bb9fa30988215da7f91b380fca6a5143e51ece2a8436",
    "https://deno.land/x/deno_dom@v0.1.36-alpha/src/dom/utils.ts": "ecd889ba74f3ce282620d8ca1d4d5e0365e6cc86101d2352f3bbf936ae496e2c",
    "https://deno.land/x/deno_dom@v0.1.36-alpha/src/parser.ts": "b65eb7e673fa7ca611de871de109655f0aa9fa35ddc1de73df1a5fc2baafc332",
    "https://deno.land/x/media_types@v2.9.1/db.ts": "ba39cddbcefce47d577c0529066787a3a7b39d27750a6d32b5ad53ed487e7b7b",
    "https://deno.land/x/media_types@v2.9.1/deps.ts": "364b24c35845cfd5c6903ab22b8ba9873bf1022bbbf6bf3d001695332d4bbb4f",
    "https://deno.land/x/media_types@v2.9.1/mod.ts": "d63583b978d32eff8b76e1ae5d83cba2fb27baa90cc1bcb0ad15a06122ea8c19",
    "https://deno.land/x/mysql@v2.11.0/deps.ts": "68635959a41bb08bc87db007679fb8449febc55d48202dff20b93cc23ef5820d",
    "https://deno.land/x/mysql@v2.11.0/mod.ts": "c751574b2b41bb0926f0eb4f29c70aa9a435dc039a370e1fb238dc495fea2dcf",
    "https://deno.land/x/mysql@v2.11.0/src/auth.ts": "129ea08b180d3e90e567c3f71e60432bb266304c224e17ea39d604bbcc1160d8",
    "https://deno.land/x/mysql@v2.11.0/src/auth_plugin/caching_sha2_password.ts": "aab89e272382e6f408406f860ae6e79628275f4511e27a565049033543c4bdec",
    "https://deno.land/x/mysql@v2.11.0/src/auth_plugin/crypt.ts": "8798819cce1171d95cfee8edda15fe6a652068cad4dc91f81b6e91cf90a13617",
    "https://deno.land/x/mysql@v2.11.0/src/auth_plugin/index.ts": "8617e520ad854e38470aeefd07becdb3397c4cde16c2397dd48d5c10fdd5ab09",
    "https://deno.land/x/mysql@v2.11.0/src/buffer.ts": "59f7e08e196f1b7e58cf5c3cf8ae8f4d0d47d1ae31430076fc468d974d3b59e7",
    "https://deno.land/x/mysql@v2.11.0/src/client.ts": "9a486419dfeb5f4d15d9fa56705e3cfbab6134bbbe08783a515e7e38f5cbca65",
    "https://deno.land/x/mysql@v2.11.0/src/connection.ts": "0ca035bbba2865f93900d8817f9d3a080e4c01bca3a45dc8318276a14b1d9459",
    "https://deno.land/x/mysql@v2.11.0/src/constant/capabilities.ts": "bf6b357b793da4d6e3f192a45d2368767902d7cb92affde2b393c3e08ed530f9",
    "https://deno.land/x/mysql@v2.11.0/src/constant/charset.ts": "253d7233679c774df623d1f974ebb358f3678c18fd6a623e25983311d97d959b",
    "https://deno.land/x/mysql@v2.11.0/src/constant/errors.ts": "923bab27d524e43199fa21fdfcbe025580ca76d8b32254ad9505765c502f238a",
    "https://deno.land/x/mysql@v2.11.0/src/constant/mysql_types.ts": "79c50de8eb5919b897e81e2ff2366ee1ffdbb4297f711e15003bdb787bbc8e6c",
    "https://deno.land/x/mysql@v2.11.0/src/constant/packet.ts": "a1e7e00ce30c551c5f95c05d233b8d83f8e1fc865de97be3b317058e173630a9",
    "https://deno.land/x/mysql@v2.11.0/src/deferred.ts": "35d087619d919961e849e382c33b2bfea15b4119f55eca2d9c9047f30512a2cb",
    "https://deno.land/x/mysql@v2.11.0/src/logger.ts": "9fe85e361d3972f3105e33930dd4a069456c625b5b0cd7efc322418964edc470",
    "https://deno.land/x/mysql@v2.11.0/src/packets/builders/auth.ts": "d9752c7e95aae3f3ace81df03c19907ed8a9dfe9c19399796e80a24cb83ab2ed",
    "https://deno.land/x/mysql@v2.11.0/src/packets/builders/query.ts": "caf426a72ebe545ff5bab14c8b7b5e412dd8827c091322959cdf4e9aa89ef900",
    "https://deno.land/x/mysql@v2.11.0/src/packets/packet.ts": "d7800cc142226f7dfd3c5f647f03cd3ef308f9d8551b4edb2e1bfb9c758d33b6",
    "https://deno.land/x/mysql@v2.11.0/src/packets/parsers/authswitch.ts": "aa34f21336c4907b3ae968108fcdad8f1c43a303088efd83d972e6c7b258c166",
    "https://deno.land/x/mysql@v2.11.0/src/packets/parsers/err.ts": "4110c4ddc2ae8358d6661fa2522f8eda2e603900d1e433e3684765ed50e88ed8",
    "https://deno.land/x/mysql@v2.11.0/src/packets/parsers/handshake.ts": "88f7ee34e9e0ef089bc5fdefacaccf256ef002b2f7a8ad684e35327682039e73",
    "https://deno.land/x/mysql@v2.11.0/src/packets/parsers/result.ts": "8ab16f1adae67415eefcc17803b0eb828c1f4c6a24c55f25949f418e862d3ec8",
    "https://deno.land/x/mysql@v2.11.0/src/pool.ts": "978ba2813b3886d68be007678360ad43c54dab14b1aea1c07fcdb41222fcc432",
    "https://deno.land/x/mysql@v2.11.0/src/util.ts": "83d38e87cc3901da00ac44bfcd53c0e8d24525262f5c7647c912dccf3ed2dbb5",
    "https://deno.land/x/negotiator@1.0.1/mod.ts": "d8b28a0a7b2d75c944cebef8f87a58eeb344974d432fe0dea85e2d98e03daf24",
    "https://deno.land/x/negotiator@1.0.1/src/charset.ts": "ca9e78c774c59fed90e31eed9901b6ac78348cbba1adbba71364abdf56dce7e0",
    "https://deno.land/x/negotiator@1.0.1/src/encoding.ts": "bd3e980c10de08798192cd56f1913e0c9f9be2b56391d7b4213f448cc94a0140",
    "https://deno.land/x/negotiator@1.0.1/src/language.ts": "bd822581a7621bbe8c3157d38b4f1ec5a35d75eb58bf6be927d477d929e689a2",
    "https://deno.land/x/negotiator@1.0.1/src/media_type.ts": "bde7a0f6a276fdb3b72569832ca6050ce5bcacad9d493029239af768bd06149f",
    "https://deno.land/x/negotiator@1.0.1/src/types.ts": "3f2a779b3432bd5e2942965f326d82962e7e9b7a72b30fd81aeb0128f898303d",
    "https://deno.land/x/oak@v11.1.0/application.ts": "0a728331822b8e27727ceec48a8499657c3163fc48fd379a8a9578a75f3cdb62",
    "https://deno.land/x/oak@v11.1.0/body.ts": "78402a4936accb80372c4944384658105604352d6783de7ff1e36b8832dd93c9",
    "https://deno.land/x/oak@v11.1.0/buf_reader.ts": "7cf96aa0ac670b75098113cf88a291a68332cc45efa8a9698f064ac5b8098a0f",
    "https://deno.land/x/oak@v11.1.0/content_disposition.ts": "8b8c3cb2fba7138cd5b7f82fc3b5ea39b33db924a824b28261659db7e164621e",
    "https://deno.land/x/oak@v11.1.0/context.ts": "014d1ce40e62a7901411425541b0d5a08018968a330595bd686f8d00222a35bb",
    "https://deno.land/x/oak@v11.1.0/cookies.ts": "d9f94b99f26c6169c6982ce12323c41a548d001bfc28f464264c22dc3dbf2181",
    "https://deno.land/x/oak@v11.1.0/deps.ts": "b897b0f2bec99cd8b402b279b7f21de955d98cbd72835b6c912be5e11c26148b",
    "https://deno.land/x/oak@v11.1.0/etag.ts": "19918f5e1964e3fe6c9fe524a88ffbf9900ce1dfe4146b187b2a86256bb6b663",
    "https://deno.land/x/oak@v11.1.0/headers.ts": "f50fb05614432bda971021633129aa2e8737e0844e0f01c27a937997b4d8dd4f",
    "https://deno.land/x/oak@v11.1.0/helpers.ts": "42212afa07a560b2958359cc19577417e89d9574d6579551a0af36ff7f00cc6e",
    "https://deno.land/x/oak@v11.1.0/http_request.ts": "0831c828816fcb58a5aa8361c6865c4151f4c8b59fabcef2e2cd235bb28170c5",
    "https://deno.land/x/oak@v11.1.0/http_server_flash.ts": "e312754acad26d3d70f243d657547e697921f67f0a2179dbec41a20a3228fd79",
    "https://deno.land/x/oak@v11.1.0/http_server_native.ts": "549dffcd2db5cbb0e44ad50cf9c54956b42a10450b1ac66e1362e32a073c8c1b",
    "https://deno.land/x/oak@v11.1.0/http_server_native_request.ts": "07910ea2ed51af6c4e69addf9015cdd8d2b5c9ee03fd4993e386834a129a9eb6",
    "https://deno.land/x/oak@v11.1.0/isMediaType.ts": "62d638abcf837ece3a8f07a4b7ca59794135cb0d4b73194c7d5837efd4161005",
    "https://deno.land/x/oak@v11.1.0/keyStack.ts": "fa0d5898fb8ba34de1c9cdcf4b2e8434952dc9931671858d33560368784a22ef",
    "https://deno.land/x/oak@v11.1.0/mediaTyper.ts": "042b853fc8e9c3f6c628dd389e03ef481552bf07242efc3f8a1af042102a6105",
    "https://deno.land/x/oak@v11.1.0/middleware.ts": "de14f045a2ddfe845d89b5d3140ff52cbcc6f3b3965391106ce04480f9786737",
    "https://deno.land/x/oak@v11.1.0/middleware/proxy.ts": "b927232f97ec18af4185d7912e45b1191e3ffe24a9c875262ad524211b1274c9",
    "https://deno.land/x/oak@v11.1.0/mod.ts": "de52855c8f626e30ba683fb265c0a0773ba2f5f117b3549b7d9c857edba58338",
    "https://deno.land/x/oak@v11.1.0/multipart.ts": "98fe9f226de8c26a16d067027b69fb1e34ad8c4055767dd157907d06cea36f9a",
    "https://deno.land/x/oak@v11.1.0/range.ts": "68a6df7ab3b868843e33f52deb94c3d4cab25cb9ef369691990c2ac15b04fafb",
    "https://deno.land/x/oak@v11.1.0/request.ts": "5852ad36389b48e0428a6f3c90854d01f10d1b15949b56001e1e75c2a00ef0f9",
    "https://deno.land/x/oak@v11.1.0/response.ts": "867d81f7eb0c65c7b8e0e0e9e145ededd5b6daa9ad922e6adc6a36a525f439a6",
    "https://deno.land/x/oak@v11.1.0/router.ts": "187522a549f6c179ff01d321882a8bfacbfb7f3e24b004ec4534a3613c7f9b0e",
    "https://deno.land/x/oak@v11.1.0/send.ts": "7ef2591792426d62add91536bb434566d4b224247ca343fdd63e486f9d4e9446",
    "https://deno.land/x/oak@v11.1.0/server_sent_event.ts": "948b0fe4cb3fe38c7db15e476eb3b7671ef20e566d130e9f701d7c0146aa47dd",
    "https://deno.land/x/oak@v11.1.0/structured_clone.ts": "ecf42598652b8082f37252cb873d6e257ad728e6fe73c6bd61f343d94501fbde",
    "https://deno.land/x/oak@v11.1.0/testing.ts": "7612656efd2975f7a2e6848609f5971922dbec46b76372c5c623202fdd7b9a85",
    "https://deno.land/x/oak@v11.1.0/types.d.ts": "41951a18c3bfdb11e40707cab75da078ba8a4907cd7d4e11d8536bc2db0dde05",
    "https://deno.land/x/oak@v11.1.0/util.ts": "3af8c4ed04c6cc2bedbe66e562a77fc59c72df31c55a902a63885861ca1639d6",
    "https://deno.land/x/path_to_regexp@v6.2.1/index.ts": "894060567837bae8fc9c5cbd4d0a05e9024672083d5883b525c031eea940e556",
    "https://deno.land/x/redis@v0.29.0/backoff.ts": "33e4a6e245f8743fbae0ce583993a671a3ac2ecee433a3e7f0bd77b5dd541d84",
    "https://deno.land/x/redis@v0.29.0/command.ts": "9d1a679821c9065298fc2b8831b6532605426259b17a1f9d41ee9219180244c7",
    "https://deno.land/x/redis@v0.29.0/connection.ts": "335f0aa728b8e0b90353c4015daf5abaa7cae657739eb66cb48324f2d197dcc0",
    "https://deno.land/x/redis@v0.29.0/errors.ts": "589c41fc0fbd9fbac896a2517cf461a6af211432dd4bb77e0681f5a256d46e66",
    "https://deno.land/x/redis@v0.29.0/executor.ts": "0e78c2756f6d14fc0a001bb7527c50c7055880d8e052a9964ecf070a3045f8c7",
    "https://deno.land/x/redis@v0.29.0/mod.ts": "20908f005f5c102525ce6aa9261648c95c5f61c6cf782b2cbb2fce88b1220f69",
    "https://deno.land/x/redis@v0.29.0/pipeline.ts": "80cc26a881149264d51dd019f1044c4ec9012399eca9f516057dc81c9b439370",
    "https://deno.land/x/redis@v0.29.0/protocol/_util.ts": "0525f7f444a96b92cd36423abdfe221f8d8de4a018dc5cb6750a428a5fc897c2",
    "https://deno.land/x/redis@v0.29.0/protocol/command.ts": "7bc2d7d86af45590ee9ad431544804557e001fca0c8f2adfb371c9791f25530f",
    "https://deno.land/x/redis@v0.29.0/protocol/mod.ts": "f2601df31d8adc71785b5d19f6a7e43dfce94adbb6735c4dafc1fb129169d11a",
    "https://deno.land/x/redis@v0.29.0/protocol/reply.ts": "4b7432263924ca611f08af818436eafd9433eef07a835bc0338a08def5db1a30",
    "https://deno.land/x/redis@v0.29.0/protocol/types.ts": "6bf515b69712dfd4ab45caf1d0054b8fcdd6e1afb55b2bd9a221e9ecb066f658",
    "https://deno.land/x/redis@v0.29.0/pubsub.ts": "58b7431c1383fc20addfc7ab1272b28e35a4d101173ea59ade28612ad7fef573",
    "https://deno.land/x/redis@v0.29.0/redis.ts": "bac44a54df4b19066c86f76fd130516bd89f15e1bdb4158998227fbc32ef1c52",
    "https://deno.land/x/redis@v0.29.0/stream.ts": "f116d73cfe04590ff9fa8a3c08be8ff85219d902ef2f6929b8c1e88d92a07810",
    "https://deno.land/x/redis@v0.29.0/vendor/https/deno.land/std/async/deferred.ts": "a466d02795e34cd0c5cb495cbc8e3e817b4bdc282a7806f67b9d4c5e5677f9a0",
    "https://deno.land/x/redis@v0.29.0/vendor/https/deno.land/std/async/delay.ts": "68b527cdb30ef2e9955dec4ae510630fbae86f782170bd4f350a7ac9bded4bdd",
    "https://deno.land/x/redis@v0.29.0/vendor/https/deno.land/std/io/buf_reader.ts": "5cfd680079d78201b0112cb328862702250bbe1088b50f117b3305d4fc225751",
    "https://deno.land/x/redis@v0.29.0/vendor/https/deno.land/std/io/buf_writer.ts": "7d5bf248bdb9fc01c1e1c7deb3be76470603d090e5e0a1f2302a77b52fde451a",
    "https://deno.land/x/sql_builder@v1.9.1/util.ts": "b9855dc435972704cf82655019f4ec168ac83550ab4db596c5f6b6d201466384"
  }
}
